// !$*UTF8*$!
{
	archiveVersion = 1;
	classes = {
	};
	objectVersion = 56;
	objects = {

/* Begin PBXBuildFile section */
		251E4FCA2A767872002D02DE /* HeroHeaderUIView.swift in Sources */ = {isa = PBXBuildFile; fileRef = 251E4FC92A767872002D02DE /* HeroHeaderUIView.swift */; };
		25A6063E2A7586D10024D9B1 /* AppDelegate.swift in Sources */ = {isa = PBXBuildFile; fileRef = 25A6063D2A7586D10024D9B1 /* AppDelegate.swift */; };
		25A606402A7586D10024D9B1 /* SceneDelegate.swift in Sources */ = {isa = PBXBuildFile; fileRef = 25A6063F2A7586D10024D9B1 /* SceneDelegate.swift */; };
		25A606422A7586D10024D9B1 /* MainTabBarViewController.swift in Sources */ = {isa = PBXBuildFile; fileRef = 25A606412A7586D10024D9B1 /* MainTabBarViewController.swift */; };
		25A606472A7586D20024D9B1 /* Assets.xcassets in Resources */ = {isa = PBXBuildFile; fileRef = 25A606462A7586D20024D9B1 /* Assets.xcassets */; };
		25A6064A2A7586D20024D9B1 /* LaunchScreen.storyboard in Resources */ = {isa = PBXBuildFile; fileRef = 25A606482A7586D20024D9B1 /* LaunchScreen.storyboard */; };
		25A606542A7589D90024D9B1 /* HomeViewController.swift in Sources */ = {isa = PBXBuildFile; fileRef = 25A606532A7589D90024D9B1 /* HomeViewController.swift */; };
		25A606562A758A270024D9B1 /* UpcomingViewController.swift in Sources */ = {isa = PBXBuildFile; fileRef = 25A606552A758A270024D9B1 /* UpcomingViewController.swift */; };
		25A606582A758A3E0024D9B1 /* SearchViewController.swift in Sources */ = {isa = PBXBuildFile; fileRef = 25A606572A758A3E0024D9B1 /* SearchViewController.swift */; };
		25A6065A2A758A590024D9B1 /* DownloadsViewController.swift in Sources */ = {isa = PBXBuildFile; fileRef = 25A606592A758A590024D9B1 /* DownloadsViewController.swift */; };
		25A606612A75946E0024D9B1 /* CollectionViewTableViewCell.swift in Sources */ = {isa = PBXBuildFile; fileRef = 25A606602A75946E0024D9B1 /* CollectionViewTableViewCell.swift */; };
/* End PBXBuildFile section */

/* Begin PBXFileReference section */
		251E4FC92A767872002D02DE /* HeroHeaderUIView.swift */ = {isa = PBXFileReference; lastKnownFileType = sourcecode.swift; path = HeroHeaderUIView.swift; sourceTree = "<group>"; };
		25A6063A2A7586D10024D9B1 /* project_phoenix.app */ = {isa = PBXFileReference; explicitFileType = wrapper.application; includeInIndex = 0; path = project_phoenix.app; sourceTree = BUILT_PRODUCTS_DIR; };
		25A6063D2A7586D10024D9B1 /* AppDelegate.swift */ = {isa = PBXFileReference; lastKnownFileType = sourcecode.swift; path = AppDelegate.swift; sourceTree = "<group>"; };
		25A6063F2A7586D10024D9B1 /* SceneDelegate.swift */ = {isa = PBXFileReference; lastKnownFileType = sourcecode.swift; path = SceneDelegate.swift; sourceTree = "<group>"; };
		25A606412A7586D10024D9B1 /* MainTabBarViewController.swift */ = {isa = PBXFileReference; lastKnownFileType = sourcecode.swift; path = MainTabBarViewController.swift; sourceTree = "<group>"; };
		25A606462A7586D20024D9B1 /* Assets.xcassets */ = {isa = PBXFileReference; lastKnownFileType = folder.assetcatalog; path = Assets.xcassets; sourceTree = "<group>"; };
		25A606492A7586D20024D9B1 /* Base */ = {isa = PBXFileReference; lastKnownFileType = file.storyboard; name = Base; path = Base.lproj/LaunchScreen.storyboard; sourceTree = "<group>"; };
		25A6064B2A7586D20024D9B1 /* Info.plist */ = {isa = PBXFileReference; lastKnownFileType = text.plist.xml; path = Info.plist; sourceTree = "<group>"; };
		25A606532A7589D90024D9B1 /* HomeViewController.swift */ = {isa = PBXFileReference; lastKnownFileType = sourcecode.swift; path = HomeViewController.swift; sourceTree = "<group>"; };
		25A606552A758A270024D9B1 /* UpcomingViewController.swift */ = {isa = PBXFileReference; lastKnownFileType = sourcecode.swift; path = UpcomingViewController.swift; sourceTree = "<group>"; };
		25A606572A758A3E0024D9B1 /* SearchViewController.swift */ = {isa = PBXFileReference; lastKnownFileType = sourcecode.swift; path = SearchViewController.swift; sourceTree = "<group>"; };
		25A606592A758A590024D9B1 /* DownloadsViewController.swift */ = {isa = PBXFileReference; lastKnownFileType = sourcecode.swift; path = DownloadsViewController.swift; sourceTree = "<group>"; };
		25A606602A75946E0024D9B1 /* CollectionViewTableViewCell.swift */ = {isa = PBXFileReference; lastKnownFileType = sourcecode.swift; path = CollectionViewTableViewCell.swift; sourceTree = "<group>"; };
/* End PBXFileReference section */

/* Begin PBXFrameworksBuildPhase section */
		25A606372A7586D10024D9B1 /* Frameworks */ = {
			isa = PBXFrameworksBuildPhase;
			buildActionMask = 2147483647;
			files = (
			);
			runOnlyForDeploymentPostprocessing = 0;
		};
/* End PBXFrameworksBuildPhase section */

/* Begin PBXGroup section */
		25A606312A7586D10024D9B1 = {
			isa = PBXGroup;
			children = (
				25A6063C2A7586D10024D9B1 /* project_phoenix */,
				25A6063B2A7586D10024D9B1 /* Products */,
			);
			sourceTree = "<group>";
		};
		25A6063B2A7586D10024D9B1 /* Products */ = {
			isa = PBXGroup;
			children = (
				25A6063A2A7586D10024D9B1 /* project_phoenix.app */,
			);
			name = Products;
			sourceTree = "<group>";
		};
		25A6063C2A7586D10024D9B1 /* project_phoenix */ = {
			isa = PBXGroup;
			children = (
				25A6065F2A7594370024D9B1 /* Managers */,
				25A6065E2A7594310024D9B1 /* Resources */,
				25A6065D2A7594030024D9B1 /* Models */,
				25A6065B2A7593F40024D9B1 /* Views */,
				25A6065C2A7593FA0024D9B1 /* ViewModels */,
				25A606522A7589A90024D9B1 /* Controllers */,
				25A6063D2A7586D10024D9B1 /* AppDelegate.swift */,
				25A6063F2A7586D10024D9B1 /* SceneDelegate.swift */,
				25A606412A7586D10024D9B1 /* MainTabBarViewController.swift */,
				25A606462A7586D20024D9B1 /* Assets.xcassets */,
				25A606482A7586D20024D9B1 /* LaunchScreen.storyboard */,
				25A6064B2A7586D20024D9B1 /* Info.plist */,
			);
			path = project_phoenix;
			sourceTree = "<group>";
		};
		25A606522A7589A90024D9B1 /* Controllers */ = {
			isa = PBXGroup;
			children = (
				25A606532A7589D90024D9B1 /* HomeViewController.swift */,
				25A606552A758A270024D9B1 /* UpcomingViewController.swift */,
				25A606572A758A3E0024D9B1 /* SearchViewController.swift */,
				25A606592A758A590024D9B1 /* DownloadsViewController.swift */,
			);
			path = Controllers;
			sourceTree = "<group>";
		};
		25A6065B2A7593F40024D9B1 /* Views */ = {
			isa = PBXGroup;
			children = (
				25A606602A75946E0024D9B1 /* CollectionViewTableViewCell.swift */,
				251E4FC92A767872002D02DE /* HeroHeaderUIView.swift */,
			);
			path = Views;
			sourceTree = "<group>";
		};
		25A6065C2A7593FA0024D9B1 /* ViewModels */ = {
			isa = PBXGroup;
			children = (
			);
			path = ViewModels;
			sourceTree = "<group>";
		};
		25A6065D2A7594030024D9B1 /* Models */ = {
			isa = PBXGroup;
			children = (
			);
			path = Models;
			sourceTree = "<group>";
		};
		25A6065E2A7594310024D9B1 /* Resources */ = {
			isa = PBXGroup;
			children = (
			);
			path = Resources;
			sourceTree = "<group>";
		};
		25A6065F2A7594370024D9B1 /* Managers */ = {
			isa = PBXGroup;
			children = (
			);
			path = Managers;
			sourceTree = "<group>";
		};
/* End PBXGroup section */

/* Begin PBXNativeTarget section */
		25A606392A7586D10024D9B1 /* project_phoenix */ = {
			isa = PBXNativeTarget;
			buildConfigurationList = 25A6064E2A7586D20024D9B1 /* Build configuration list for PBXNativeTarget "project_phoenix" */;
			buildPhases = (
				25A606362A7586D10024D9B1 /* Sources */,
				25A606372A7586D10024D9B1 /* Frameworks */,
				25A606382A7586D10024D9B1 /* Resources */,
			);
			buildRules = (
			);
			dependencies = (
			);
			name = project_phoenix;
			productName = project_phoenix;
			productReference = 25A6063A2A7586D10024D9B1 /* project_phoenix.app */;
			productType = "com.apple.product-type.application";
		};
/* End PBXNativeTarget section */

/* Begin PBXProject section */
		25A606322A7586D10024D9B1 /* Project object */ = {
			isa = PBXProject;
			attributes = {
				BuildIndependentTargetsInParallel = 1;
				LastSwiftUpdateCheck = 1410;
				LastUpgradeCheck = 1410;
				TargetAttributes = {
					25A606392A7586D10024D9B1 = {
						CreatedOnToolsVersion = 14.1;
					};
				};
			};
			buildConfigurationList = 25A606352A7586D10024D9B1 /* Build configuration list for PBXProject "project_phoenix" */;
			compatibilityVersion = "Xcode 14.0";
			developmentRegion = en;
			hasScannedForEncodings = 0;
			knownRegions = (
				en,
				Base,
			);
			mainGroup = 25A606312A7586D10024D9B1;
			productRefGroup = 25A6063B2A7586D10024D9B1 /* Products */;
			projectDirPath = "";
			projectRoot = "";
			targets = (
				25A606392A7586D10024D9B1 /* project_phoenix */,
			);
		};
/* End PBXProject section */

/* Begin PBXResourcesBuildPhase section */
		25A606382A7586D10024D9B1 /* Resources */ = {
			isa = PBXResourcesBuildPhase;
			buildActionMask = 2147483647;
			files = (
				25A6064A2A7586D20024D9B1 /* LaunchScreen.storyboard in Resources */,
				25A606472A7586D20024D9B1 /* Assets.xcassets in Resources */,
			);
			runOnlyForDeploymentPostprocessing = 0;
		};
/* End PBXResourcesBuildPhase section */

/* Begin PBXSourcesBuildPhase section */
		25A606362A7586D10024D9B1 /* Sources */ = {
			isa = PBXSourcesBuildPhase;
			buildActionMask = 2147483647;
			files = (
				25A606582A758A3E0024D9B1 /* SearchViewController.swift in Sources */,
				25A606422A7586D10024D9B1 /* MainTabBarViewController.swift in Sources */,
				25A606612A75946E0024D9B1 /* CollectionViewTableViewCell.swift in Sources */,
				251E4FCA2A767872002D02DE /* HeroHeaderUIView.swift in Sources */,
				25A6065A2A758A590024D9B1 /* DownloadsViewController.swift in Sources */,
				25A6063E2A7586D10024D9B1 /* AppDelegate.swift in Sources */,
				25A606402A7586D10024D9B1 /* SceneDelegate.swift in Sources */,
				25A606562A758A270024D9B1 /* UpcomingViewController.swift in Sources */,
				25A606542A7589D90024D9B1 /* HomeViewController.swift in Sources */,
			);
			runOnlyForDeploymentPostprocessing = 0;
		};
/* End PBXSourcesBuildPhase section */

/* Begin PBXVariantGroup section */
		25A606482A7586D20024D9B1 /* LaunchScreen.storyboard */ = {
			isa = PBXVariantGroup;
			children = (
				25A606492A7586D20024D9B1 /* Base */,
			);
			name = LaunchScreen.storyboard;
			sourceTree = "<group>";
		};
/* End PBXVariantGroup section */

/* Begin XCBuildConfiguration section */
		25A6064C2A7586D20024D9B1 /* Debug */ = {
			isa = XCBuildConfiguration;
			buildSettings = {
				ALWAYS_SEARCH_USER_PATHS = NO;
				CLANG_ANALYZER_NONNULL = YES;
				CLANG_ANALYZER_NUMBER_OBJECT_CONVERSION = YES_AGGRESSIVE;
				CLANG_CXX_LANGUAGE_STANDARD = "gnu++20";
				CLANG_ENABLE_MODULES = YES;
				CLANG_ENABLE_OBJC_ARC = YES;
				CLANG_ENABLE_OBJC_WEAK = YES;
				CLANG_WARN_BLOCK_CAPTURE_AUTORELEASING = YES;
				CLANG_WARN_BOOL_CONVERSION = YES;
				CLANG_WARN_COMMA = YES;
				CLANG_WARN_CONSTANT_CONVERSION = YES;
				CLANG_WARN_DEPRECATED_OBJC_IMPLEMENTATIONS = YES;
				CLANG_WARN_DIRECT_OBJC_ISA_USAGE = YES_ERROR;
				CLANG_WARN_DOCUMENTATION_COMMENTS = YES;
				CLANG_WARN_EMPTY_BODY = YES;
				CLANG_WARN_ENUM_CONVERSION = YES;
				CLANG_WARN_INFINITE_RECURSION = YES;
				CLANG_WARN_INT_CONVERSION = YES;
				CLANG_WARN_NON_LITERAL_NULL_CONVERSION = YES;
				CLANG_WARN_OBJC_IMPLICIT_RETAIN_SELF = YES;
				CLANG_WARN_OBJC_LITERAL_CONVERSION = YES;
				CLANG_WARN_OBJC_ROOT_CLASS = YES_ERROR;
				CLANG_WARN_QUOTED_INCLUDE_IN_FRAMEWORK_HEADER = YES;
				CLANG_WARN_RANGE_LOOP_ANALYSIS = YES;
				CLANG_WARN_STRICT_PROTOTYPES = YES;
				CLANG_WARN_SUSPICIOUS_MOVE = YES;
				CLANG_WARN_UNGUARDED_AVAILABILITY = YES_AGGRESSIVE;
				CLANG_WARN_UNREACHABLE_CODE = YES;
				CLANG_WARN__DUPLICATE_METHOD_MATCH = YES;
				COPY_PHASE_STRIP = NO;
				DEBUG_INFORMATION_FORMAT = dwarf;
				ENABLE_STRICT_OBJC_MSGSEND = YES;
				ENABLE_TESTABILITY = YES;
				GCC_C_LANGUAGE_STANDARD = gnu11;
				GCC_DYNAMIC_NO_PIC = NO;
				GCC_NO_COMMON_BLOCKS = YES;
				GCC_OPTIMIZATION_LEVEL = 0;
				GCC_PREPROCESSOR_DEFINITIONS = (
					"DEBUG=1",
					"$(inherited)",
				);
				GCC_WARN_64_TO_32_BIT_CONVERSION = YES;
				GCC_WARN_ABOUT_RETURN_TYPE = YES_ERROR;
				GCC_WARN_UNDECLARED_SELECTOR = YES;
				GCC_WARN_UNINITIALIZED_AUTOS = YES_AGGRESSIVE;
				GCC_WARN_UNUSED_FUNCTION = YES;
				GCC_WARN_UNUSED_VARIABLE = YES;
				IPHONEOS_DEPLOYMENT_TARGET = 16.1;
				MTL_ENABLE_DEBUG_INFO = INCLUDE_SOURCE;
				MTL_FAST_MATH = YES;
				ONLY_ACTIVE_ARCH = YES;
				SDKROOT = iphoneos;
				SWIFT_ACTIVE_COMPILATION_CONDITIONS = DEBUG;
				SWIFT_OPTIMIZATION_LEVEL = "-Onone";
			};
			name = Debug;
		};
		25A6064D2A7586D20024D9B1 /* Release */ = {
			isa = XCBuildConfiguration;
			buildSettings = {
				ALWAYS_SEARCH_USER_PATHS = NO;
				CLANG_ANALYZER_NONNULL = YES;
				CLANG_ANALYZER_NUMBER_OBJECT_CONVERSION = YES_AGGRESSIVE;
				CLANG_CXX_LANGUAGE_STANDARD = "gnu++20";
				CLANG_ENABLE_MODULES = YES;
				CLANG_ENABLE_OBJC_ARC = YES;
				CLANG_ENABLE_OBJC_WEAK = YES;
				CLANG_WARN_BLOCK_CAPTURE_AUTORELEASING = YES;
				CLANG_WARN_BOOL_CONVERSION = YES;
				CLANG_WARN_COMMA = YES;
				CLANG_WARN_CONSTANT_CONVERSION = YES;
				CLANG_WARN_DEPRECATED_OBJC_IMPLEMENTATIONS = YES;
				CLANG_WARN_DIRECT_OBJC_ISA_USAGE = YES_ERROR;
				CLANG_WARN_DOCUMENTATION_COMMENTS = YES;
				CLANG_WARN_EMPTY_BODY = YES;
				CLANG_WARN_ENUM_CONVERSION = YES;
				CLANG_WARN_INFINITE_RECURSION = YES;
				CLANG_WARN_INT_CONVERSION = YES;
				CLANG_WARN_NON_LITERAL_NULL_CONVERSION = YES;
				CLANG_WARN_OBJC_IMPLICIT_RETAIN_SELF = YES;
				CLANG_WARN_OBJC_LITERAL_CONVERSION = YES;
				CLANG_WARN_OBJC_ROOT_CLASS = YES_ERROR;
				CLANG_WARN_QUOTED_INCLUDE_IN_FRAMEWORK_HEADER = YES;
				CLANG_WARN_RANGE_LOOP_ANALYSIS = YES;
				CLANG_WARN_STRICT_PROTOTYPES = YES;
				CLANG_WARN_SUSPICIOUS_MOVE = YES;
				CLANG_WARN_UNGUARDED_AVAILABILITY = YES_AGGRESSIVE;
				CLANG_WARN_UNREACHABLE_CODE = YES;
				CLANG_WARN__DUPLICATE_METHOD_MATCH = YES;
				COPY_PHASE_STRIP = NO;
				DEBUG_INFORMATION_FORMAT = "dwarf-with-dsym";
				ENABLE_NS_ASSERTIONS = NO;
				ENABLE_STRICT_OBJC_MSGSEND = YES;
				GCC_C_LANGUAGE_STANDARD = gnu11;
				GCC_NO_COMMON_BLOCKS = YES;
				GCC_WARN_64_TO_32_BIT_CONVERSION = YES;
				GCC_WARN_ABOUT_RETURN_TYPE = YES_ERROR;
				GCC_WARN_UNDECLARED_SELECTOR = YES;
				GCC_WARN_UNINITIALIZED_AUTOS = YES_AGGRESSIVE;
				GCC_WARN_UNUSED_FUNCTION = YES;
				GCC_WARN_UNUSED_VARIABLE = YES;
				IPHONEOS_DEPLOYMENT_TARGET = 16.1;
				MTL_ENABLE_DEBUG_INFO = NO;
				MTL_FAST_MATH = YES;
				SDKROOT = iphoneos;
				SWIFT_COMPILATION_MODE = wholemodule;
				SWIFT_OPTIMIZATION_LEVEL = "-O";
				VALIDATE_PRODUCT = YES;
			};
			name = Release;
		};
		25A6064F2A7586D20024D9B1 /* Debug */ = {
			isa = XCBuildConfiguration;
			buildSettings = {
				ASSETCATALOG_COMPILER_APPICON_NAME = AppIcon;
				ASSETCATALOG_COMPILER_GLOBAL_ACCENT_COLOR_NAME = AccentColor;
				CODE_SIGN_STYLE = Automatic;
				CURRENT_PROJECT_VERSION = 1;
				DEVELOPMENT_TEAM = UH3XPHYX8U;
				GENERATE_INFOPLIST_FILE = YES;
				INFOPLIST_FILE = project_phoenix/Info.plist;
				INFOPLIST_KEY_UIApplicationSupportsIndirectInputEvents = YES;
				INFOPLIST_KEY_UILaunchStoryboardName = LaunchScreen;
				INFOPLIST_KEY_UISupportedInterfaceOrientations_iPad = "UIInterfaceOrientationPortrait UIInterfaceOrientationPortraitUpsideDown UIInterfaceOrientationLandscapeLeft UIInterfaceOrientationLandscapeRight";
				INFOPLIST_KEY_UISupportedInterfaceOrientations_iPhone = "UIInterfaceOrientationPortrait UIInterfaceOrientationLandscapeLeft UIInterfaceOrientationLandscapeRight";
				LD_RUNPATH_SEARCH_PATHS = (
					"$(inherited)",
					"@executable_path/Frameworks",
				);
				MARKETING_VERSION = 1.0;
				PRODUCT_BUNDLE_IDENTIFIER = "com.erkingonultas.project-phoenix";
				PRODUCT_NAME = "$(TARGET_NAME)";
				SWIFT_EMIT_LOC_STRINGS = YES;
				SWIFT_VERSION = 5.0;
				TARGETED_DEVICE_FAMILY = "1,2";
			};
			name = Debug;
		};
		25A606502A7586D20024D9B1 /* Release */ = {
			isa = XCBuildConfiguration;
			buildSettings = {
				ASSETCATALOG_COMPILER_APPICON_NAME = AppIcon;
				ASSETCATALOG_COMPILER_GLOBAL_ACCENT_COLOR_NAME = AccentColor;
				CODE_SIGN_STYLE = Automatic;
				CURRENT_PROJECT_VERSION = 1;
				DEVELOPMENT_TEAM = UH3XPHYX8U;
				GENERATE_INFOPLIST_FILE = YES;
				INFOPLIST_FILE = project_phoenix/Info.plist;
				INFOPLIST_KEY_UIApplicationSupportsIndirectInputEvents = YES;
				INFOPLIST_KEY_UILaunchStoryboardName = LaunchScreen;
				INFOPLIST_KEY_UISupportedInterfaceOrientations_iPad = "UIInterfaceOrientationPortrait UIInterfaceOrientationPortraitUpsideDown UIInterfaceOrientationLandscapeLeft UIInterfaceOrientationLandscapeRight";
				INFOPLIST_KEY_UISupportedInterfaceOrientations_iPhone = "UIInterfaceOrientationPortrait UIInterfaceOrientationLandscapeLeft UIInterfaceOrientationLandscapeRight";
				LD_RUNPATH_SEARCH_PATHS = (
					"$(inherited)",
					"@executable_path/Frameworks",
				);
				MARKETING_VERSION = 1.0;
				PRODUCT_BUNDLE_IDENTIFIER = "com.erkingonultas.project-phoenix";
				PRODUCT_NAME = "$(TARGET_NAME)";
				SWIFT_EMIT_LOC_STRINGS = YES;
				SWIFT_VERSION = 5.0;
				TARGETED_DEVICE_FAMILY = "1,2";
			};
			name = Release;
		};
/* End XCBuildConfiguration section */

/* Begin XCConfigurationList section */
		25A606352A7586D10024D9B1 /* Build configuration list for PBXProject "project_phoenix" */ = {
			isa = XCConfigurationList;
			buildConfigurations = (
				25A6064C2A7586D20024D9B1 /* Debug */,
				25A6064D2A7586D20024D9B1 /* Release */,
			);
			defaultConfigurationIsVisible = 0;
			defaultConfigurationName = Release;
		};
		25A6064E2A7586D20024D9B1 /* Build configuration list for PBXNativeTarget "project_phoenix" */ = {
			isa = XCConfigurationList;
			buildConfigurations = (
				25A6064F2A7586D20024D9B1 /* Debug */,
				25A606502A7586D20024D9B1 /* Release */,
			);
			defaultConfigurationIsVisible = 0;
			defaultConfigurationName = Release;
		};
/* End XCConfigurationList section */
	};
	rootObject = 25A606322A7586D10024D9B1 /* Project object */;
}
